
Microsoft Visual Studio Solution File, Format Version 12.00
# Visual Studio Version 17
VisualStudioVersion = 17.14.36623.8 d17.14
MinimumVisualStudioVersion = 10.0.40219.1
Project("{FAE04EC0-301F-11D3-BF4B-00C04F79EFBC}") = "HMS.API", "HMS.API\HMS.API.csproj", "{FB38ADE4-501F-4E4C-BE63-895A918FB33A}"
	ProjectSection(ProjectDependencies) = postProject
		{5284FB96-FDBC-4495-BCB9-43C4F584F440} = {5284FB96-FDBC-4495-BCB9-43C4F584F440}
		{95BA34B3-95C2-42AC-BB53-8D87086C6753} = {95BA34B3-95C2-42AC-BB53-8D87086C6753}
		{CDD51C9C-9DC7-48F0-9E8A-9A516C36E6EF} = {CDD51C9C-9DC7-48F0-9E8A-9A516C36E6EF}
	EndProjectSection
EndProject
Project("{FAE04EC0-301F-11D3-BF4B-00C04F79EFBC}") = "HMS.Core", "HMS.Core\HMS.Core.csproj", "{CDD51C9C-9DC7-48F0-9E8A-9A516C36E6EF}"
EndProject
Project("{FAE04EC0-301F-11D3-BF4B-00C04F79EFBC}") = "HMS.Infrastructure", "HMS.Infrastructure\HMS.Infrastructure.csproj", "{5284FB96-FDBC-4495-BCB9-43C4F584F440}"
	ProjectSection(ProjectDependencies) = postProject
		{CDD51C9C-9DC7-48F0-9E8A-9A516C36E6EF} = {CDD51C9C-9DC7-48F0-9E8A-9A516C36E6EF}
	EndProjectSection
EndProject
Project("{FAE04EC0-301F-11D3-BF4B-00C04F79EFBC}") = "HMS.Application", "HMS.Application\HMS.Application.csproj", "{95BA34B3-95C2-42AC-BB53-8D87086C6753}"
EndProject
Global
	GlobalSection(SolutionConfigurationPlatforms) = preSolution
		Debug|Any CPU = Debug|Any CPU
		Release|Any CPU = Release|Any CPU
	EndGlobalSection
	GlobalSection(ProjectConfigurationPlatforms) = postSolution
		{FB38ADE4-501F-4E4C-BE63-895A918FB33A}.Debug|Any CPU.ActiveCfg = Debug|Any CPU
		{FB38ADE4-501F-4E4C-BE63-895A918FB33A}.Debug|Any CPU.Build.0 = Debug|Any CPU
		{FB38ADE4-501F-4E4C-BE63-895A918FB33A}.Release|Any CPU.ActiveCfg = Release|Any CPU
		{FB38ADE4-501F-4E4C-BE63-895A918FB33A}.Release|Any CPU.Build.0 = Release|Any CPU
		{CDD51C9C-9DC7-48F0-9E8A-9A516C36E6EF}.Debug|Any CPU.ActiveCfg = Debug|Any CPU
		{CDD51C9C-9DC7-48F0-9E8A-9A516C36E6EF}.Debug|Any CPU.Build.0 = Debug|Any CPU
		{CDD51C9C-9DC7-48F0-9E8A-9A516C36E6EF}.Release|Any CPU.ActiveCfg = Release|Any CPU
		{CDD51C9C-9DC7-48F0-9E8A-9A516C36E6EF}.Release|Any CPU.Build.0 = Release|Any CPU
		{5284FB96-FDBC-4495-BCB9-43C4F584F440}.Debug|Any CPU.ActiveCfg = Debug|Any CPU
		{5284FB96-FDBC-4495-BCB9-43C4F584F440}.Debug|Any CPU.Build.0 = Debug|Any CPU
		{5284FB96-FDBC-4495-BCB9-43C4F584F440}.Release|Any CPU.ActiveCfg = Release|Any CPU
		{5284FB96-FDBC-4495-BCB9-43C4F584F440}.Release|Any CPU.Build.0 = Release|Any CPU
		{95BA34B3-95C2-42AC-BB53-8D87086C6753}.Debug|Any CPU.ActiveCfg = Debug|Any CPU
		{95BA34B3-95C2-42AC-BB53-8D87086C6753}.Debug|Any CPU.Build.0 = Debug|Any CPU
		{95BA34B3-95C2-42AC-BB53-8D87086C6753}.Release|Any CPU.ActiveCfg = Release|Any CPU
		{95BA34B3-95C2-42AC-BB53-8D87086C6753}.Release|Any CPU.Build.0 = Release|Any CPU
	EndGlobalSection
	GlobalSection(SolutionProperties) = preSolution
		HideSolutionNode = FALSE
	EndGlobalSection
	GlobalSection(ExtensibilityGlobals) = postSolution
		SolutionGuid = {D3F668DC-9A27-4604-8F3D-DB03A5A751C2}
	EndGlobalSection
EndGlobal
